
Microsoft Visual Studio Solution File, Format Version 12.00
# Visual Studio Version 17
VisualStudioVersion = 17.8.34212.112
MinimumVisualStudioVersion = 10.0.40219.1
Project("{FAE04EC0-301F-11D3-BF4B-00C04F79EFBC}") = "Nexd.MySQL", "Nexd.MySQL.csproj", "{694B4271-EE4C-41B2-8B40-67716833A0D0}"
EndProject
Global
	GlobalSection(SolutionConfigurationPlatforms) = preSolution
		Debug|Any CPU = Debug|Any CPU
		Release|Any CPU = Release|Any CPU
	EndGlobalSection
	GlobalSection(ProjectConfigurationPlatforms) = postSolution
		{694B4271-EE4C-41B2-8B40-67716833A0D0}.Debug|Any CPU.ActiveCfg = Debug|Any CPU
		{694B4271-EE4C-41B2-8B40-67716833A0D0}.Debug|Any CPU.Build.0 = Debug|Any CPU
		{694B4271-EE4C-41B2-8B40-67716833A0D0}.Release|Any CPU.ActiveCfg = Release|Any CPU
		{694B4271-EE4C-41B2-8B40-67716833A0D0}.Release|Any CPU.Build.0 = Release|Any CPU
	EndGlobalSection
	GlobalSection(SolutionProperties) = preSolution
		HideSolutionNode = FALSE
	EndGlobalSection
	GlobalSection(ExtensibilityGlobals) = postSolution
		SolutionGuid = {1B4400A2-59B9-41E6-92B1-DA0A0D6B4F79}
	EndGlobalSection
EndGlobal
